{
  "originHash" : "fc5d15370641cdcf59b8db0c62b1c1a2e82b17aabb499e9357bdb972e6c92394",
  "pins" : [
    {
      "identity" : "anydoc-swift",
      "kind" : "remoteSourceControl",
      "location" : "https://github.com/ngutech21/anydoc-swift.git",
      "state" : {
        "revision" : "8ff4d546dbcdcab7bf1343bbeff50ecb892c7374",
        "version" : "0.2.3"
      }
    }
  ],
  "version" : 3
}
