{
  "originHash" : "9aa7ba9f42ce273b963b5b2a28c57a75753a79a0616fa12a387cba5556a1d815",
  "pins" : [
    {
      "identity" : "anydoc-swift",
      "kind" : "remoteSourceControl",
      "location" : "https://github.com/ngutech21/anydoc-swift.git",
      "state" : {
        "revision" : "d986275d6d78fc9274b79918ff873996b637f1a2",
        "version" : "0.1.3"
      }
    }
  ],
  "version" : 3
}
