{
  "originHash" : "5ee99dd8c8431d0990da13a226191f49b5265c4d91a81956f5914ab20d445f5c",
  "pins" : [
    {
      "identity" : "anydoc-swift",
      "kind" : "remoteSourceControl",
      "location" : "https://github.com/ngutech21/anydoc-swift.git",
      "state" : {
        "revision" : "8ff4d546dbcdcab7bf1343bbeff50ecb892c7374",
        "version" : "0.2.3"
      }
    }
  ],
  "version" : 3
}
