{
  "originHash" : "7e0f2df19e84b799e0cfaf068fa2d07c706165a6f593a061f6845bc7ee3f9903",
  "pins" : [
    {
      "identity" : "anydoc-swift",
      "kind" : "remoteSourceControl",
      "location" : "https://github.com/ngutech21/anydoc-swift.git",
      "state" : {
        "revision" : "82d5dad168b19d9a7eaa286088f615bfc3da82a0",
        "version" : "0.1.5"
      }
    }
  ],
  "version" : 3
}
